
Microsoft Visual Studio Solution File, Format Version 12.00
# Visual Studio Version 17
VisualStudioVersion = 17.9.34728.123
MinimumVisualStudioVersion = 10.0.40219.1
Project("{FAE04EC0-301F-11D3-BF4B-00C04F79EFBC}") = "LINQ5-Practice", "LINQ5-Practice\LINQ5-Practice.csproj", "{41568B13-F96E-41A7-BD8E-A5EB54313290}"
EndProject
Global
	GlobalSection(SolutionConfigurationPlatforms) = preSolution
		Debug|Any CPU = Debug|Any CPU
		Release|Any CPU = Release|Any CPU
	EndGlobalSection
	GlobalSection(ProjectConfigurationPlatforms) = postSolution
		{41568B13-F96E-41A7-BD8E-A5EB54313290}.Debug|Any CPU.ActiveCfg = Debug|Any CPU
		{41568B13-F96E-41A7-BD8E-A5EB54313290}.Debug|Any CPU.Build.0 = Debug|Any CPU
		{41568B13-F96E-41A7-BD8E-A5EB54313290}.Release|Any CPU.ActiveCfg = Release|Any CPU
		{41568B13-F96E-41A7-BD8E-A5EB54313290}.Release|Any CPU.Build.0 = Release|Any CPU
	EndGlobalSection
	GlobalSection(SolutionProperties) = preSolution
		HideSolutionNode = FALSE
	EndGlobalSection
	GlobalSection(ExtensibilityGlobals) = postSolution
		SolutionGuid = {BA654354-39BB-4AE7-9DB9-EAD2DD1259C0}
	EndGlobalSection
EndGlobal
